// !$*UTF8*$!
{
	archiveVersion = 1;
	classes = {
	};
	objectVersion = 56;
	objects = {

/* Begin PBXBuildFile section */
		F999A3602C19E8B2008F0E09 /* App620App.swift in Sources */ = {isa = PBXBuildFile; fileRef = F999A35F2C19E8B2008F0E09 /* App620App.swift */; };
		F999A3622C19E8B2008F0E09 /* ContentView.swift in Sources */ = {isa = PBXBuildFile; fileRef = F999A3612C19E8B2008F0E09 /* ContentView.swift */; };
		F999A3642C19E8B3008F0E09 /* Assets.xcassets in Resources */ = {isa = PBXBuildFile; fileRef = F999A3632C19E8B3008F0E09 /* Assets.xcassets */; };
		F999A3672C19E8B3008F0E09 /* Preview Assets.xcassets in Resources */ = {isa = PBXBuildFile; fileRef = F999A3662C19E8B3008F0E09 /* Preview Assets.xcassets */; };
		F999A36E2C19E94F008F0E09 /* Launch Screen.storyboard in Resources */ = {isa = PBXBuildFile; fileRef = F999A36D2C19E94F008F0E09 /* Launch Screen.storyboard */; };
		F999A3712C19E988008F0E09 /* Loader.swift in Sources */ = {isa = PBXBuildFile; fileRef = F999A3702C19E988008F0E09 /* Loader.swift */; };
		F999A3772C19E9D5008F0E09 /* Users_1.swift in Sources */ = {isa = PBXBuildFile; fileRef = F999A3762C19E9D5008F0E09 /* Users_1.swift */; };
		F999A3792C19E9D8008F0E09 /* Users_2.swift in Sources */ = {isa = PBXBuildFile; fileRef = F999A3782C19E9D8008F0E09 /* Users_2.swift */; };
		F999A37B2C19E9DC008F0E09 /* Users_3.swift in Sources */ = {isa = PBXBuildFile; fileRef = F999A37A2C19E9DC008F0E09 /* Users_3.swift */; };
		F999A37D2C19E9DF008F0E09 /* Reviewers_1.swift in Sources */ = {isa = PBXBuildFile; fileRef = F999A37C2C19E9DF008F0E09 /* Reviewers_1.swift */; };
		F999A37F2C19E9E2008F0E09 /* Reviewers_2.swift in Sources */ = {isa = PBXBuildFile; fileRef = F999A37E2C19E9E2008F0E09 /* Reviewers_2.swift */; };
		F999A3812C19EB71008F0E09 /* dede.swift in Sources */ = {isa = PBXBuildFile; fileRef = F999A3802C19EB71008F0E09 /* dede.swift */; };
		F999A3832C19EB75008F0E09 /* sese.swift in Sources */ = {isa = PBXBuildFile; fileRef = F999A3822C19EB75008F0E09 /* sese.swift */; };
		F999A3852C19EB79008F0E09 /* wewe.swift in Sources */ = {isa = PBXBuildFile; fileRef = F999A3842C19EB79008F0E09 /* wewe.swift */; };
/* End PBXBuildFile section */

/* Begin PBXFileReference section */
		F999A35C2C19E8B2008F0E09 /* App620.app */ = {isa = PBXFileReference; explicitFileType = wrapper.application; includeInIndex = 0; path = App620.app; sourceTree = BUILT_PRODUCTS_DIR; };
		F999A35F2C19E8B2008F0E09 /* App620App.swift */ = {isa = PBXFileReference; lastKnownFileType = sourcecode.swift; path = App620App.swift; sourceTree = "<group>"; };
		F999A3612C19E8B2008F0E09 /* ContentView.swift */ = {isa = PBXFileReference; lastKnownFileType = sourcecode.swift; path = ContentView.swift; sourceTree = "<group>"; };
		F999A3632C19E8B3008F0E09 /* Assets.xcassets */ = {isa = PBXFileReference; lastKnownFileType = folder.assetcatalog; path = Assets.xcassets; sourceTree = "<group>"; };
		F999A3662C19E8B3008F0E09 /* Preview Assets.xcassets */ = {isa = PBXFileReference; lastKnownFileType = folder.assetcatalog; path = "Preview Assets.xcassets"; sourceTree = "<group>"; };
		F999A36D2C19E94F008F0E09 /* Launch Screen.storyboard */ = {isa = PBXFileReference; lastKnownFileType = file.storyboard; path = "Launch Screen.storyboard"; sourceTree = "<group>"; };
		F999A3702C19E988008F0E09 /* Loader.swift */ = {isa = PBXFileReference; lastKnownFileType = sourcecode.swift; path = Loader.swift; sourceTree = "<group>"; };
		F999A3762C19E9D5008F0E09 /* Users_1.swift */ = {isa = PBXFileReference; lastKnownFileType = sourcecode.swift; path = Users_1.swift; sourceTree = "<group>"; };
		F999A3782C19E9D8008F0E09 /* Users_2.swift */ = {isa = PBXFileReference; lastKnownFileType = sourcecode.swift; path = Users_2.swift; sourceTree = "<group>"; };
		F999A37A2C19E9DC008F0E09 /* Users_3.swift */ = {isa = PBXFileReference; lastKnownFileType = sourcecode.swift; path = Users_3.swift; sourceTree = "<group>"; };
		F999A37C2C19E9DF008F0E09 /* Reviewers_1.swift */ = {isa = PBXFileReference; lastKnownFileType = sourcecode.swift; path = Reviewers_1.swift; sourceTree = "<group>"; };
		F999A37E2C19E9E2008F0E09 /* Reviewers_2.swift */ = {isa = PBXFileReference; lastKnownFileType = sourcecode.swift; path = Reviewers_2.swift; sourceTree = "<group>"; };
		F999A3802C19EB71008F0E09 /* dede.swift */ = {isa = PBXFileReference; lastKnownFileType = sourcecode.swift; path = dede.swift; sourceTree = "<group>"; };
		F999A3822C19EB75008F0E09 /* sese.swift */ = {isa = PBXFileReference; lastKnownFileType = sourcecode.swift; path = sese.swift; sourceTree = "<group>"; };
		F999A3842C19EB79008F0E09 /* wewe.swift */ = {isa = PBXFileReference; lastKnownFileType = sourcecode.swift; path = wewe.swift; sourceTree = "<group>"; };
/* End PBXFileReference section */

/* Begin PBXFrameworksBuildPhase section */
		F999A3592C19E8B2008F0E09 /* Frameworks */ = {
			isa = PBXFrameworksBuildPhase;
			buildActionMask = 2147483647;
			files = (
			);
			runOnlyForDeploymentPostprocessing = 0;
		};
/* End PBXFrameworksBuildPhase section */

/* Begin PBXGroup section */
		F999A3532C19E8B2008F0E09 = {
			isa = PBXGroup;
			children = (
				F999A35E2C19E8B2008F0E09 /* App620 */,
				F999A35D2C19E8B2008F0E09 /* Products */,
			);
			sourceTree = "<group>";
		};
		F999A35D2C19E8B2008F0E09 /* Products */ = {
			isa = PBXGroup;
			children = (
				F999A35C2C19E8B2008F0E09 /* App620.app */,
			);
			name = Products;
			sourceTree = "<group>";
		};
		F999A35E2C19E8B2008F0E09 /* App620 */ = {
			isa = PBXGroup;
			children = (
				F999A35F2C19E8B2008F0E09 /* App620App.swift */,
				F999A3612C19E8B2008F0E09 /* ContentView.swift */,
				F999A36F2C19E983008F0E09 /* Project */,
				F999A36D2C19E94F008F0E09 /* Launch Screen.storyboard */,
				F999A3632C19E8B3008F0E09 /* Assets.xcassets */,
				F999A3652C19E8B3008F0E09 /* Preview Content */,
			);
			path = App620;
			sourceTree = "<group>";
		};
		F999A3652C19E8B3008F0E09 /* Preview Content */ = {
			isa = PBXGroup;
			children = (
				F999A3662C19E8B3008F0E09 /* Preview Assets.xcassets */,
			);
			path = "Preview Content";
			sourceTree = "<group>";
		};
		F999A36F2C19E983008F0E09 /* Project */ = {
			isa = PBXGroup;
			children = (
				F999A3722C19E98A008F0E09 /* Extenses */,
				F999A3702C19E988008F0E09 /* Loader.swift */,
				F999A3732C19E98D008F0E09 /* Splash */,
			);
			path = Project;
			sourceTree = "<group>";
		};
		F999A3722C19E98A008F0E09 /* Extenses */ = {
			isa = PBXGroup;
			children = (
				F999A3802C19EB71008F0E09 /* dede.swift */,
				F999A3822C19EB75008F0E09 /* sese.swift */,
				F999A3842C19EB79008F0E09 /* wewe.swift */,
			);
			path = Extenses;
			sourceTree = "<group>";
		};
		F999A3732C19E98D008F0E09 /* Splash */ = {
			isa = PBXGroup;
			children = (
				F999A3752C19E9D0008F0E09 /* Users */,
				F999A3742C19E9CC008F0E09 /* Reviewers */,
			);
			path = Splash;
			sourceTree = "<group>";
		};
		F999A3742C19E9CC008F0E09 /* Reviewers */ = {
			isa = PBXGroup;
			children = (
				F999A37C2C19E9DF008F0E09 /* Reviewers_1.swift */,
				F999A37E2C19E9E2008F0E09 /* Reviewers_2.swift */,
			);
			path = Reviewers;
			sourceTree = "<group>";
		};
		F999A3752C19E9D0008F0E09 /* Users */ = {
			isa = PBXGroup;
			children = (
				F999A3762C19E9D5008F0E09 /* Users_1.swift */,
				F999A3782C19E9D8008F0E09 /* Users_2.swift */,
				F999A37A2C19E9DC008F0E09 /* Users_3.swift */,
			);
			path = Users;
			sourceTree = "<group>";
		};
/* End PBXGroup section */

/* Begin PBXNativeTarget section */
		F999A35B2C19E8B2008F0E09 /* App620 */ = {
			isa = PBXNativeTarget;
			buildConfigurationList = F999A36A2C19E8B3008F0E09 /* Build configuration list for PBXNativeTarget "App620" */;
			buildPhases = (
				F999A3582C19E8B2008F0E09 /* Sources */,
				F999A3592C19E8B2008F0E09 /* Frameworks */,
				F999A35A2C19E8B2008F0E09 /* Resources */,
			);
			buildRules = (
			);
			dependencies = (
			);
			name = App620;
			productName = App620;
			productReference = F999A35C2C19E8B2008F0E09 /* App620.app */;
			productType = "com.apple.product-type.application";
		};
/* End PBXNativeTarget section */

/* Begin PBXProject section */
		F999A3542C19E8B2008F0E09 /* Project object */ = {
			isa = PBXProject;
			attributes = {
				BuildIndependentTargetsInParallel = 1;
				LastSwiftUpdateCheck = 1530;
				LastUpgradeCheck = 1530;
				TargetAttributes = {
					F999A35B2C19E8B2008F0E09 = {
						CreatedOnToolsVersion = 15.3;
					};
				};
			};
			buildConfigurationList = F999A3572C19E8B2008F0E09 /* Build configuration list for PBXProject "App620" */;
			compatibilityVersion = "Xcode 14.0";
			developmentRegion = en;
			hasScannedForEncodings = 0;
			knownRegions = (
				en,
				Base,
			);
			mainGroup = F999A3532C19E8B2008F0E09;
			productRefGroup = F999A35D2C19E8B2008F0E09 /* Products */;
			projectDirPath = "";
			projectRoot = "";
			targets = (
				F999A35B2C19E8B2008F0E09 /* App620 */,
			);
		};
/* End PBXProject section */

/* Begin PBXResourcesBuildPhase section */
		F999A35A2C19E8B2008F0E09 /* Resources */ = {
			isa = PBXResourcesBuildPhase;
			buildActionMask = 2147483647;
			files = (
				F999A36E2C19E94F008F0E09 /* Launch Screen.storyboard in Resources */,
				F999A3672C19E8B3008F0E09 /* Preview Assets.xcassets in Resources */,
				F999A3642C19E8B3008F0E09 /* Assets.xcassets in Resources */,
			);
			runOnlyForDeploymentPostprocessing = 0;
		};
/* End PBXResourcesBuildPhase section */

/* Begin PBXSourcesBuildPhase section */
		F999A3582C19E8B2008F0E09 /* Sources */ = {
			isa = PBXSourcesBuildPhase;
			buildActionMask = 2147483647;
			files = (
				F999A37B2C19E9DC008F0E09 /* Users_3.swift in Sources */,
				F999A37F2C19E9E2008F0E09 /* Reviewers_2.swift in Sources */,
				F999A3812C19EB71008F0E09 /* dede.swift in Sources */,
				F999A3832C19EB75008F0E09 /* sese.swift in Sources */,
				F999A3792C19E9D8008F0E09 /* Users_2.swift in Sources */,
				F999A3622C19E8B2008F0E09 /* ContentView.swift in Sources */,
				F999A37D2C19E9DF008F0E09 /* Reviewers_1.swift in Sources */,
				F999A3602C19E8B2008F0E09 /* App620App.swift in Sources */,
				F999A3772C19E9D5008F0E09 /* Users_1.swift in Sources */,
				F999A3712C19E988008F0E09 /* Loader.swift in Sources */,
				F999A3852C19EB79008F0E09 /* wewe.swift in Sources */,
			);
			runOnlyForDeploymentPostprocessing = 0;
		};
/* End PBXSourcesBuildPhase section */

/* Begin XCBuildConfiguration section */
		F999A3682C19E8B3008F0E09 /* Debug */ = {
			isa = XCBuildConfiguration;
			buildSettings = {
				ALWAYS_SEARCH_USER_PATHS = NO;
				ASSETCATALOG_COMPILER_GENERATE_SWIFT_ASSET_SYMBOL_EXTENSIONS = YES;
				CLANG_ANALYZER_NONNULL = YES;
				CLANG_ANALYZER_NUMBER_OBJECT_CONVERSION = YES_AGGRESSIVE;
				CLANG_CXX_LANGUAGE_STANDARD = "gnu++20";
				CLANG_ENABLE_MODULES = YES;
				CLANG_ENABLE_OBJC_ARC = YES;
				CLANG_ENABLE_OBJC_WEAK = YES;
				CLANG_WARN_BLOCK_CAPTURE_AUTORELEASING = YES;
				CLANG_WARN_BOOL_CONVERSION = YES;
				CLANG_WARN_COMMA = YES;
				CLANG_WARN_CONSTANT_CONVERSION = YES;
				CLANG_WARN_DEPRECATED_OBJC_IMPLEMENTATIONS = YES;
				CLANG_WARN_DIRECT_OBJC_ISA_USAGE = YES_ERROR;
				CLANG_WARN_DOCUMENTATION_COMMENTS = YES;
				CLANG_WARN_EMPTY_BODY = YES;
				CLANG_WARN_ENUM_CONVERSION = YES;
				CLANG_WARN_INFINITE_RECURSION = YES;
				CLANG_WARN_INT_CONVERSION = YES;
				CLANG_WARN_NON_LITERAL_NULL_CONVERSION = YES;
				CLANG_WARN_OBJC_IMPLICIT_RETAIN_SELF = YES;
				CLANG_WARN_OBJC_LITERAL_CONVERSION = YES;
				CLANG_WARN_OBJC_ROOT_CLASS = YES_ERROR;
				CLANG_WARN_QUOTED_INCLUDE_IN_FRAMEWORK_HEADER = YES;
				CLANG_WARN_RANGE_LOOP_ANALYSIS = YES;
				CLANG_WARN_STRICT_PROTOTYPES = YES;
				CLANG_WARN_SUSPICIOUS_MOVE = YES;
				CLANG_WARN_UNGUARDED_AVAILABILITY = YES_AGGRESSIVE;
				CLANG_WARN_UNREACHABLE_CODE = YES;
				CLANG_WARN__DUPLICATE_METHOD_MATCH = YES;
				COPY_PHASE_STRIP = NO;
				DEBUG_INFORMATION_FORMAT = dwarf;
				ENABLE_STRICT_OBJC_MSGSEND = YES;
				ENABLE_TESTABILITY = YES;
				ENABLE_USER_SCRIPT_SANDBOXING = YES;
				GCC_C_LANGUAGE_STANDARD = gnu17;
				GCC_DYNAMIC_NO_PIC = NO;
				GCC_NO_COMMON_BLOCKS = YES;
				GCC_OPTIMIZATION_LEVEL = 0;
				GCC_PREPROCESSOR_DEFINITIONS = (
					"DEBUG=1",
					"$(inherited)",
				);
				GCC_WARN_64_TO_32_BIT_CONVERSION = YES;
				GCC_WARN_ABOUT_RETURN_TYPE = YES_ERROR;
				GCC_WARN_UNDECLARED_SELECTOR = YES;
				GCC_WARN_UNINITIALIZED_AUTOS = YES_AGGRESSIVE;
				GCC_WARN_UNUSED_FUNCTION = YES;
				GCC_WARN_UNUSED_VARIABLE = YES;
				IPHONEOS_DEPLOYMENT_TARGET = 14.0;
				LOCALIZATION_PREFERS_STRING_CATALOGS = YES;
				MTL_ENABLE_DEBUG_INFO = INCLUDE_SOURCE;
				MTL_FAST_MATH = YES;
				ONLY_ACTIVE_ARCH = YES;
				SDKROOT = iphoneos;
				SWIFT_ACTIVE_COMPILATION_CONDITIONS = "DEBUG $(inherited)";
				SWIFT_OPTIMIZATION_LEVEL = "-Onone";
			};
			name = Debug;
		};
		F999A3692C19E8B3008F0E09 /* Release */ = {
			isa = XCBuildConfiguration;
			buildSettings = {
				ALWAYS_SEARCH_USER_PATHS = NO;
				ASSETCATALOG_COMPILER_GENERATE_SWIFT_ASSET_SYMBOL_EXTENSIONS = YES;
				CLANG_ANALYZER_NONNULL = YES;
				CLANG_ANALYZER_NUMBER_OBJECT_CONVERSION = YES_AGGRESSIVE;
				CLANG_CXX_LANGUAGE_STANDARD = "gnu++20";
				CLANG_ENABLE_MODULES = YES;
				CLANG_ENABLE_OBJC_ARC = YES;
				CLANG_ENABLE_OBJC_WEAK = YES;
				CLANG_WARN_BLOCK_CAPTURE_AUTORELEASING = YES;
				CLANG_WARN_BOOL_CONVERSION = YES;
				CLANG_WARN_COMMA = YES;
				CLANG_WARN_CONSTANT_CONVERSION = YES;
				CLANG_WARN_DEPRECATED_OBJC_IMPLEMENTATIONS = YES;
				CLANG_WARN_DIRECT_OBJC_ISA_USAGE = YES_ERROR;
				CLANG_WARN_DOCUMENTATION_COMMENTS = YES;
				CLANG_WARN_EMPTY_BODY = YES;
				CLANG_WARN_ENUM_CONVERSION = YES;
				CLANG_WARN_INFINITE_RECURSION = YES;
				CLANG_WARN_INT_CONVERSION = YES;
				CLANG_WARN_NON_LITERAL_NULL_CONVERSION = YES;
				CLANG_WARN_OBJC_IMPLICIT_RETAIN_SELF = YES;
				CLANG_WARN_OBJC_LITERAL_CONVERSION = YES;
				CLANG_WARN_OBJC_ROOT_CLASS = YES_ERROR;
				CLANG_WARN_QUOTED_INCLUDE_IN_FRAMEWORK_HEADER = YES;
				CLANG_WARN_RANGE_LOOP_ANALYSIS = YES;
				CLANG_WARN_STRICT_PROTOTYPES = YES;
				CLANG_WARN_SUSPICIOUS_MOVE = YES;
				CLANG_WARN_UNGUARDED_AVAILABILITY = YES_AGGRESSIVE;
				CLANG_WARN_UNREACHABLE_CODE = YES;
				CLANG_WARN__DUPLICATE_METHOD_MATCH = YES;
				COPY_PHASE_STRIP = NO;
				DEBUG_INFORMATION_FORMAT = "dwarf-with-dsym";
				ENABLE_NS_ASSERTIONS = NO;
				ENABLE_STRICT_OBJC_MSGSEND = YES;
				ENABLE_USER_SCRIPT_SANDBOXING = YES;
				GCC_C_LANGUAGE_STANDARD = gnu17;
				GCC_NO_COMMON_BLOCKS = YES;
				GCC_WARN_64_TO_32_BIT_CONVERSION = YES;
				GCC_WARN_ABOUT_RETURN_TYPE = YES_ERROR;
				GCC_WARN_UNDECLARED_SELECTOR = YES;
				GCC_WARN_UNINITIALIZED_AUTOS = YES_AGGRESSIVE;
				GCC_WARN_UNUSED_FUNCTION = YES;
				GCC_WARN_UNUSED_VARIABLE = YES;
				IPHONEOS_DEPLOYMENT_TARGET = 14.0;
				LOCALIZATION_PREFERS_STRING_CATALOGS = YES;
				MTL_ENABLE_DEBUG_INFO = NO;
				MTL_FAST_MATH = YES;
				SDKROOT = iphoneos;
				SWIFT_COMPILATION_MODE = wholemodule;
				VALIDATE_PRODUCT = YES;
			};
			name = Release;
		};
		F999A36B2C19E8B3008F0E09 /* Debug */ = {
			isa = XCBuildConfiguration;
			buildSettings = {
				ASSETCATALOG_COMPILER_APPICON_NAME = AppIcon;
				ASSETCATALOG_COMPILER_GLOBAL_ACCENT_COLOR_NAME = AccentColor;
				CODE_SIGN_STYLE = Automatic;
				CURRENT_PROJECT_VERSION = 1;
				DEVELOPMENT_ASSET_PATHS = "\"App620/Preview Content\"";
				ENABLE_PREVIEWS = YES;
				GENERATE_INFOPLIST_FILE = YES;
				INFOPLIST_KEY_CFBundleDisplayName = "Stake - Game";
				INFOPLIST_KEY_UIApplicationSceneManifest_Generation = YES;
				INFOPLIST_KEY_UIApplicationSupportsIndirectInputEvents = YES;
				INFOPLIST_KEY_UILaunchScreen_Generation = YES;
				INFOPLIST_KEY_UILaunchStoryboardName = "Launch Screen.storyboard";
				INFOPLIST_KEY_UISupportedInterfaceOrientations = UIInterfaceOrientationPortrait;
				INFOPLIST_KEY_UISupportedInterfaceOrientations_iPad = "UIInterfaceOrientationLandscapeLeft UIInterfaceOrientationLandscapeRight UIInterfaceOrientationPortrait UIInterfaceOrientationPortraitUpsideDown";
				LD_RUNPATH_SEARCH_PATHS = (
					"$(inherited)",
					"@executable_path/Frameworks",
				);
				MARKETING_VERSION = 1.1;
				PRODUCT_BUNDLE_IDENTIFIER = main.App620;
				PRODUCT_NAME = "$(TARGET_NAME)";
				SUPPORTED_PLATFORMS = "iphoneos iphonesimulator";
				SUPPORTS_MACCATALYST = NO;
				SUPPORTS_MAC_DESIGNED_FOR_IPHONE_IPAD = NO;
				SUPPORTS_XR_DESIGNED_FOR_IPHONE_IPAD = NO;
				SWIFT_EMIT_LOC_STRINGS = YES;
				SWIFT_VERSION = 5.0;
				TARGETED_DEVICE_FAMILY = 1;
			};
			name = Debug;
		};
		F999A36C2C19E8B3008F0E09 /* Release */ = {
			isa = XCBuildConfiguration;
			buildSettings = {
				ASSETCATALOG_COMPILER_APPICON_NAME = AppIcon;
				ASSETCATALOG_COMPILER_GLOBAL_ACCENT_COLOR_NAME = AccentColor;
				CODE_SIGN_STYLE = Automatic;
				CURRENT_PROJECT_VERSION = 1;
				DEVELOPMENT_ASSET_PATHS = "\"App620/Preview Content\"";
				ENABLE_PREVIEWS = YES;
				GENERATE_INFOPLIST_FILE = YES;
				INFOPLIST_KEY_CFBundleDisplayName = "Stake - Game";
				INFOPLIST_KEY_UIApplicationSceneManifest_Generation = YES;
				INFOPLIST_KEY_UIApplicationSupportsIndirectInputEvents = YES;
				INFOPLIST_KEY_UILaunchScreen_Generation = YES;
				INFOPLIST_KEY_UILaunchStoryboardName = "Launch Screen.storyboard";
				INFOPLIST_KEY_UISupportedInterfaceOrientations = UIInterfaceOrientationPortrait;
				INFOPLIST_KEY_UISupportedInterfaceOrientations_iPad = "UIInterfaceOrientationLandscapeLeft UIInterfaceOrientationLandscapeRight UIInterfaceOrientationPortrait UIInterfaceOrientationPortraitUpsideDown";
				LD_RUNPATH_SEARCH_PATHS = (
					"$(inherited)",
					"@executable_path/Frameworks",
				);
				MARKETING_VERSION = 1.1;
				PRODUCT_BUNDLE_IDENTIFIER = main.App620;
				PRODUCT_NAME = "$(TARGET_NAME)";
				SUPPORTED_PLATFORMS = "iphoneos iphonesimulator";
				SUPPORTS_MACCATALYST = NO;
				SUPPORTS_MAC_DESIGNED_FOR_IPHONE_IPAD = NO;
				SUPPORTS_XR_DESIGNED_FOR_IPHONE_IPAD = NO;
				SWIFT_EMIT_LOC_STRINGS = YES;
				SWIFT_VERSION = 5.0;
				TARGETED_DEVICE_FAMILY = 1;
			};
			name = Release;
		};
/* End XCBuildConfiguration section */

/* Begin XCConfigurationList section */
		F999A3572C19E8B2008F0E09 /* Build configuration list for PBXProject "App620" */ = {
			isa = XCConfigurationList;
			buildConfigurations = (
				F999A3682C19E8B3008F0E09 /* Debug */,
				F999A3692C19E8B3008F0E09 /* Release */,
			);
			defaultConfigurationIsVisible = 0;
			defaultConfigurationName = Release;
		};
		F999A36A2C19E8B3008F0E09 /* Build configuration list for PBXNativeTarget "App620" */ = {
			isa = XCConfigurationList;
			buildConfigurations = (
				F999A36B2C19E8B3008F0E09 /* Debug */,
				F999A36C2C19E8B3008F0E09 /* Release */,
			);
			defaultConfigurationIsVisible = 0;
			defaultConfigurationName = Release;
		};
/* End XCConfigurationList section */
	};
	rootObject = F999A3542C19E8B2008F0E09 /* Project object */;
}
